
Microsoft Visual Studio Solution File, Format Version 12.00
# Visual Studio Version 16
VisualStudioVersion = 16.0.32602.291
MinimumVisualStudioVersion = 10.0.40219.1
Project("{8BC9CEB8-8B4A-11D0-8D11-00A0C91BC942}") = "Chapter1-Demo", "Chapter1-Demo\Chapter1-Demo.vcxproj", "{87AC23C7-A421-423C-97C9-E5E4975F7A5F}"
EndProject
Global
	GlobalSection(SolutionConfigurationPlatforms) = preSolution
		Debug|x64 = Debug|x64
		Debug|x86 = Debug|x86
		Release|x64 = Release|x64
		Release|x86 = Release|x86
	EndGlobalSection
	GlobalSection(ProjectConfigurationPlatforms) = postSolution
		{87AC23C7-A421-423C-97C9-E5E4975F7A5F}.Debug|x64.ActiveCfg = Debug|x64
		{87AC23C7-A421-423C-97C9-E5E4975F7A5F}.Debug|x64.Build.0 = Debug|x64
		{87AC23C7-A421-423C-97C9-E5E4975F7A5F}.Debug|x86.ActiveCfg = Debug|Win32
		{87AC23C7-A421-423C-97C9-E5E4975F7A5F}.Debug|x86.Build.0 = Debug|Win32
		{87AC23C7-A421-423C-97C9-E5E4975F7A5F}.Release|x64.ActiveCfg = Release|x64
		{87AC23C7-A421-423C-97C9-E5E4975F7A5F}.Release|x64.Build.0 = Release|x64
		{87AC23C7-A421-423C-97C9-E5E4975F7A5F}.Release|x86.ActiveCfg = Release|Win32
		{87AC23C7-A421-423C-97C9-E5E4975F7A5F}.Release|x86.Build.0 = Release|Win32
	EndGlobalSection
	GlobalSection(SolutionProperties) = preSolution
		HideSolutionNode = FALSE
	EndGlobalSection
	GlobalSection(ExtensibilityGlobals) = postSolution
		SolutionGuid = {05D45C23-3BEF-4F9C-B6B5-ADC23C176759}
	EndGlobalSection
EndGlobal
